
Microsoft Visual Studio Solution File, Format Version 12.00
# Visual Studio Version 17
VisualStudioVersion = 17.13.35806.99
MinimumVisualStudioVersion = 10.0.40219.1
Project("{FAE04EC0-301F-11D3-BF4B-00C04F79EFBC}") = "ApiServer", "ApiServer.csproj", "{335E8752-72B2-23F3-5451-5989BCA59401}"
EndProject
Project("{FAE04EC0-301F-11D3-BF4B-00C04F79EFBC}") = "TestProject1", "..\TestProject1\TestProject1.csproj", "{A4B1E576-963D-55FD-19C6-280159383C34}"
EndProject
Global
	GlobalSection(SolutionConfigurationPlatforms) = preSolution
		Debug|Any CPU = Debug|Any CPU
		Release|Any CPU = Release|Any CPU
	EndGlobalSection
	GlobalSection(ProjectConfigurationPlatforms) = postSolution
		{335E8752-72B2-23F3-5451-5989BCA59401}.Debug|Any CPU.ActiveCfg = Debug|Any CPU
		{335E8752-72B2-23F3-5451-5989BCA59401}.Debug|Any CPU.Build.0 = Debug|Any CPU
		{335E8752-72B2-23F3-5451-5989BCA59401}.Release|Any CPU.ActiveCfg = Release|Any CPU
		{335E8752-72B2-23F3-5451-5989BCA59401}.Release|Any CPU.Build.0 = Release|Any CPU
		{A4B1E576-963D-55FD-19C6-280159383C34}.Debug|Any CPU.ActiveCfg = Debug|Any CPU
		{A4B1E576-963D-55FD-19C6-280159383C34}.Debug|Any CPU.Build.0 = Debug|Any CPU
		{A4B1E576-963D-55FD-19C6-280159383C34}.Release|Any CPU.ActiveCfg = Release|Any CPU
		{A4B1E576-963D-55FD-19C6-280159383C34}.Release|Any CPU.Build.0 = Release|Any CPU
	EndGlobalSection
	GlobalSection(SolutionProperties) = preSolution
		HideSolutionNode = FALSE
	EndGlobalSection
	GlobalSection(ExtensibilityGlobals) = postSolution
		SolutionGuid = {BC9C83D9-969B-4231-BD81-6F54B3C204AE}
	EndGlobalSection
EndGlobal
